# This file is automatically @generated by Cargo.
# It is not intended for manual editing.
version = 4

[[package]]
name = "lingenic-compose-brush-path"
version = "0.1.0"
dependencies = [
 "lingenic-compose-pen-path",
]

[[package]]
name = "lingenic-compose-character"
version = "0.1.0"
dependencies = [
 "lingenic-compose-brush-path",
 "lingenic-compose-pen-path",
]

[[package]]
name = "lingenic-compose-pen-path"
version = "0.1.0"
